
Microsoft Visual Studio Solution File, Format Version 12.00
# Visual Studio Version 16
VisualStudioVersion = 16.0.29728.190
MinimumVisualStudioVersion = 10.0.40219.1
Project("{FAE04EC0-301F-11D3-BF4B-00C04F79EFBC}") = "BugTracker", "BugTracker\BugTracker.csproj", "{5E4E1F86-F688-40E9-968D-093B6B29B48C}"
EndProject
Global
	GlobalSection(SolutionConfigurationPlatforms) = preSolution
		Debug|Any CPU = Debug|Any CPU
		Release|Any CPU = Release|Any CPU
	EndGlobalSection
	GlobalSection(ProjectConfigurationPlatforms) = postSolution
		{5E4E1F86-F688-40E9-968D-093B6B29B48C}.Debug|Any CPU.ActiveCfg = Debug|Any CPU
		{5E4E1F86-F688-40E9-968D-093B6B29B48C}.Debug|Any CPU.Build.0 = Debug|Any CPU
		{5E4E1F86-F688-40E9-968D-093B6B29B48C}.Release|Any CPU.ActiveCfg = Release|Any CPU
		{5E4E1F86-F688-40E9-968D-093B6B29B48C}.Release|Any CPU.Build.0 = Release|Any CPU
	EndGlobalSection
	GlobalSection(SolutionProperties) = preSolution
		HideSolutionNode = FALSE
	EndGlobalSection
	GlobalSection(ExtensibilityGlobals) = postSolution
		SolutionGuid = {669A8392-D4CA-4507-86C0-2CD948E6D822}
	EndGlobalSection
EndGlobal
